
Microsoft Visual Studio Solution File, Format Version 12.00
# Visual Studio 14
VisualStudioVersion = 14.0.25420.1
MinimumVisualStudioVersion = 10.0.40219.1
Project("{8BC9CEB8-8B4A-11D0-8D11-00A0C91BC942}") = "02_kwadrat_i_ulamek", "02_kwadrat_i_ulamek\02_kwadrat_i_ulamek.vcxproj", "{AEFDB1B1-A0BD-4791-B5B4-B02E34640DB7}"
EndProject
Project("{8BC9CEB8-8B4A-11D0-8D11-00A0C91BC942}") = "01_bank", "01_bank\01_bank.vcxproj", "{C38D10CF-9FDA-4804-B751-E17364A482FA}"
EndProject
Project("{8BC9CEB8-8B4A-11D0-8D11-00A0C91BC942}") = "03_wektor3d", "03_wektor3d\03_wektor3d.vcxproj", "{CD332AAF-D5BB-4751-8F8B-2FBDED2CE142}"
EndProject
Project("{8BC9CEB8-8B4A-11D0-8D11-00A0C91BC942}") = "04_odcinek", "04_odcinek\04_odcinek.vcxproj", "{7F0FF42B-ABAE-4EA0-B15E-9E1C32912ED5}"
EndProject
Project("{8BC9CEB8-8B4A-11D0-8D11-00A0C91BC942}") = "04_opornik", "04_opornik\04_opornik.vcxproj", "{A6EF47A3-4697-4E30-9C1A-A29AB737E106}"
EndProject
Project("{8BC9CEB8-8B4A-11D0-8D11-00A0C91BC942}") = "04_stos", "04_stos\04_stos.vcxproj", "{B416BFF0-E16E-4D63-AA43-58F782CB5119}"
EndProject
Project("{8BC9CEB8-8B4A-11D0-8D11-00A0C91BC942}") = "01_plaszczyzna", "01_plaszczyzna\01_plaszczyzna.vcxproj", "{4FA0475F-9739-480B-8592-B7D4245F352B}"
EndProject
Global
	GlobalSection(SolutionConfigurationPlatforms) = preSolution
		Debug|x64 = Debug|x64
		Debug|x86 = Debug|x86
		Release|x64 = Release|x64
		Release|x86 = Release|x86
	EndGlobalSection
	GlobalSection(ProjectConfigurationPlatforms) = postSolution
		{AEFDB1B1-A0BD-4791-B5B4-B02E34640DB7}.Debug|x64.ActiveCfg = Debug|x64
		{AEFDB1B1-A0BD-4791-B5B4-B02E34640DB7}.Debug|x64.Build.0 = Debug|x64
		{AEFDB1B1-A0BD-4791-B5B4-B02E34640DB7}.Debug|x86.ActiveCfg = Debug|Win32
		{AEFDB1B1-A0BD-4791-B5B4-B02E34640DB7}.Debug|x86.Build.0 = Debug|Win32
		{AEFDB1B1-A0BD-4791-B5B4-B02E34640DB7}.Release|x64.ActiveCfg = Release|x64
		{AEFDB1B1-A0BD-4791-B5B4-B02E34640DB7}.Release|x64.Build.0 = Release|x64
		{AEFDB1B1-A0BD-4791-B5B4-B02E34640DB7}.Release|x86.ActiveCfg = Release|Win32
		{AEFDB1B1-A0BD-4791-B5B4-B02E34640DB7}.Release|x86.Build.0 = Release|Win32
		{C38D10CF-9FDA-4804-B751-E17364A482FA}.Debug|x64.ActiveCfg = Debug|x64
		{C38D10CF-9FDA-4804-B751-E17364A482FA}.Debug|x64.Build.0 = Debug|x64
		{C38D10CF-9FDA-4804-B751-E17364A482FA}.Debug|x86.ActiveCfg = Debug|Win32
		{C38D10CF-9FDA-4804-B751-E17364A482FA}.Debug|x86.Build.0 = Debug|Win32
		{C38D10CF-9FDA-4804-B751-E17364A482FA}.Release|x64.ActiveCfg = Release|x64
		{C38D10CF-9FDA-4804-B751-E17364A482FA}.Release|x64.Build.0 = Release|x64
		{C38D10CF-9FDA-4804-B751-E17364A482FA}.Release|x86.ActiveCfg = Release|Win32
		{C38D10CF-9FDA-4804-B751-E17364A482FA}.Release|x86.Build.0 = Release|Win32
		{CD332AAF-D5BB-4751-8F8B-2FBDED2CE142}.Debug|x64.ActiveCfg = Debug|x64
		{CD332AAF-D5BB-4751-8F8B-2FBDED2CE142}.Debug|x64.Build.0 = Debug|x64
		{CD332AAF-D5BB-4751-8F8B-2FBDED2CE142}.Debug|x86.ActiveCfg = Debug|Win32
		{CD332AAF-D5BB-4751-8F8B-2FBDED2CE142}.Debug|x86.Build.0 = Debug|Win32
		{CD332AAF-D5BB-4751-8F8B-2FBDED2CE142}.Release|x64.ActiveCfg = Release|x64
		{CD332AAF-D5BB-4751-8F8B-2FBDED2CE142}.Release|x64.Build.0 = Release|x64
		{CD332AAF-D5BB-4751-8F8B-2FBDED2CE142}.Release|x86.ActiveCfg = Release|Win32
		{CD332AAF-D5BB-4751-8F8B-2FBDED2CE142}.Release|x86.Build.0 = Release|Win32
		{7F0FF42B-ABAE-4EA0-B15E-9E1C32912ED5}.Debug|x64.ActiveCfg = Debug|x64
		{7F0FF42B-ABAE-4EA0-B15E-9E1C32912ED5}.Debug|x64.Build.0 = Debug|x64
		{7F0FF42B-ABAE-4EA0-B15E-9E1C32912ED5}.Debug|x86.ActiveCfg = Debug|Win32
		{7F0FF42B-ABAE-4EA0-B15E-9E1C32912ED5}.Debug|x86.Build.0 = Debug|Win32
		{7F0FF42B-ABAE-4EA0-B15E-9E1C32912ED5}.Release|x64.ActiveCfg = Release|x64
		{7F0FF42B-ABAE-4EA0-B15E-9E1C32912ED5}.Release|x64.Build.0 = Release|x64
		{7F0FF42B-ABAE-4EA0-B15E-9E1C32912ED5}.Release|x86.ActiveCfg = Release|Win32
		{7F0FF42B-ABAE-4EA0-B15E-9E1C32912ED5}.Release|x86.Build.0 = Release|Win32
		{A6EF47A3-4697-4E30-9C1A-A29AB737E106}.Debug|x64.ActiveCfg = Debug|x64
		{A6EF47A3-4697-4E30-9C1A-A29AB737E106}.Debug|x64.Build.0 = Debug|x64
		{A6EF47A3-4697-4E30-9C1A-A29AB737E106}.Debug|x86.ActiveCfg = Debug|Win32
		{A6EF47A3-4697-4E30-9C1A-A29AB737E106}.Debug|x86.Build.0 = Debug|Win32
		{A6EF47A3-4697-4E30-9C1A-A29AB737E106}.Release|x64.ActiveCfg = Release|x64
		{A6EF47A3-4697-4E30-9C1A-A29AB737E106}.Release|x64.Build.0 = Release|x64
		{A6EF47A3-4697-4E30-9C1A-A29AB737E106}.Release|x86.ActiveCfg = Release|Win32
		{A6EF47A3-4697-4E30-9C1A-A29AB737E106}.Release|x86.Build.0 = Release|Win32
		{B416BFF0-E16E-4D63-AA43-58F782CB5119}.Debug|x64.ActiveCfg = Debug|x64
		{B416BFF0-E16E-4D63-AA43-58F782CB5119}.Debug|x64.Build.0 = Debug|x64
		{B416BFF0-E16E-4D63-AA43-58F782CB5119}.Debug|x86.ActiveCfg = Debug|Win32
		{B416BFF0-E16E-4D63-AA43-58F782CB5119}.Debug|x86.Build.0 = Debug|Win32
		{B416BFF0-E16E-4D63-AA43-58F782CB5119}.Release|x64.ActiveCfg = Release|x64
		{B416BFF0-E16E-4D63-AA43-58F782CB5119}.Release|x64.Build.0 = Release|x64
		{B416BFF0-E16E-4D63-AA43-58F782CB5119}.Release|x86.ActiveCfg = Release|Win32
		{B416BFF0-E16E-4D63-AA43-58F782CB5119}.Release|x86.Build.0 = Release|Win32
		{4FA0475F-9739-480B-8592-B7D4245F352B}.Debug|x64.ActiveCfg = Debug|x64
		{4FA0475F-9739-480B-8592-B7D4245F352B}.Debug|x64.Build.0 = Debug|x64
		{4FA0475F-9739-480B-8592-B7D4245F352B}.Debug|x86.ActiveCfg = Debug|Win32
		{4FA0475F-9739-480B-8592-B7D4245F352B}.Debug|x86.Build.0 = Debug|Win32
		{4FA0475F-9739-480B-8592-B7D4245F352B}.Release|x64.ActiveCfg = Release|x64
		{4FA0475F-9739-480B-8592-B7D4245F352B}.Release|x64.Build.0 = Release|x64
		{4FA0475F-9739-480B-8592-B7D4245F352B}.Release|x86.ActiveCfg = Release|Win32
		{4FA0475F-9739-480B-8592-B7D4245F352B}.Release|x86.Build.0 = Release|Win32
	EndGlobalSection
	GlobalSection(SolutionProperties) = preSolution
		HideSolutionNode = FALSE
	EndGlobalSection
EndGlobal
